
Microsoft Visual Studio Solution File, Format Version 12.00
Project("{2150E333-8FDC-42A3-9474-1A3956D46DE8}") = "src", "src", "{FEA5ED33-FE6B-4ED8-AC85-850D851E10FA}"
EndProject
Project("{2150E333-8FDC-42A3-9474-1A3956D46DE8}") = "tests", "tests", "{0B59F419-8956-41A5-9F35-9FA32B7AE401}"
EndProject
Project("{2150E333-8FDC-42A3-9474-1A3956D46DE8}") = "Web", "Web", "{E7C65786-6D4A-4209-BE25-67B488F60B8C}"
EndProject
Project("{FAE04EC0-301F-11D3-BF4B-00C04F79EFBC}") = "Domain", "src\Domain\Domain.csproj", "{D2449FE3-5EFF-446A-9959-E730810252D6}"
EndProject
Project("{FAE04EC0-301F-11D3-BF4B-00C04F79EFBC}") = "Application", "src\Application\Application.csproj", "{C54E2CDE-64C5-4F2A-BF08-ED58A20232A2}"
EndProject
Project("{FAE04EC0-301F-11D3-BF4B-00C04F79EFBC}") = "Infrastructure", "src\Infrastructure\Infrastructure.csproj", "{0ECCE5C7-70F5-4312-99F0-21D564C410B1}"
EndProject
Project("{FAE04EC0-301F-11D3-BF4B-00C04F79EFBC}") = "Domain.UnitTests", "tests\Domain.UnitTests\Domain.UnitTests.csproj", "{CE039EA3-A7A8-4069-B269-C88A17EB729B}"
EndProject
Project("{FAE04EC0-301F-11D3-BF4B-00C04F79EFBC}") = "Application.UnitTests", "tests\Application.UnitTests\Application.UnitTests.csproj", "{717DF2DC-F297-4CF7-A614-CA4BF8792678}"
EndProject
Project("{FAE04EC0-301F-11D3-BF4B-00C04F79EFBC}") = "Shared", "src\Web\Shared\Shared.csproj", "{D9756922-65EB-4554-9EC2-C7FD4030C25F}"
EndProject
Project("{FAE04EC0-301F-11D3-BF4B-00C04F79EFBC}") = "Server", "src\Web\Server\Server.csproj", "{42CC7A0E-5629-4923-9DB0-C9E1E73FE2AD}"
EndProject
Project("{FAE04EC0-301F-11D3-BF4B-00C04F79EFBC}") = "Client", "src\Web\Client\Client.csproj", "{2CD8FE6B-CD9E-45FB-9899-D743F9FD353C}"
EndProject
Project("{2150E333-8FDC-42A3-9474-1A3956D46DE8}") = "Solution Items", "Solution Items", "{9AB044B4-785B-4C49-8B16-9CA18A4FCC91}"
    ProjectSection(SolutionItems) = preProject
		.editorconfig = .editorconfig
		.gitignore = .gitignore
		README.md = README.md
	EndProjectSection
EndProject
Global
	GlobalSection(SolutionConfigurationPlatforms) = preSolution
		Debug|Any CPU = Debug|Any CPU
		Release|Any CPU = Release|Any CPU
	EndGlobalSection
	GlobalSection(ProjectConfigurationPlatforms) = postSolution
		{D2449FE3-5EFF-446A-9959-E730810252D6}.Debug|Any CPU.ActiveCfg = Debug|Any CPU
		{D2449FE3-5EFF-446A-9959-E730810252D6}.Debug|Any CPU.Build.0 = Debug|Any CPU
		{D2449FE3-5EFF-446A-9959-E730810252D6}.Release|Any CPU.ActiveCfg = Release|Any CPU
		{D2449FE3-5EFF-446A-9959-E730810252D6}.Release|Any CPU.Build.0 = Release|Any CPU
		{C54E2CDE-64C5-4F2A-BF08-ED58A20232A2}.Debug|Any CPU.ActiveCfg = Debug|Any CPU
		{C54E2CDE-64C5-4F2A-BF08-ED58A20232A2}.Debug|Any CPU.Build.0 = Debug|Any CPU
		{C54E2CDE-64C5-4F2A-BF08-ED58A20232A2}.Release|Any CPU.ActiveCfg = Release|Any CPU
		{C54E2CDE-64C5-4F2A-BF08-ED58A20232A2}.Release|Any CPU.Build.0 = Release|Any CPU
		{0ECCE5C7-70F5-4312-99F0-21D564C410B1}.Debug|Any CPU.ActiveCfg = Debug|Any CPU
		{0ECCE5C7-70F5-4312-99F0-21D564C410B1}.Debug|Any CPU.Build.0 = Debug|Any CPU
		{0ECCE5C7-70F5-4312-99F0-21D564C410B1}.Release|Any CPU.ActiveCfg = Release|Any CPU
		{0ECCE5C7-70F5-4312-99F0-21D564C410B1}.Release|Any CPU.Build.0 = Release|Any CPU
		{CE039EA3-A7A8-4069-B269-C88A17EB729B}.Debug|Any CPU.ActiveCfg = Debug|Any CPU
		{CE039EA3-A7A8-4069-B269-C88A17EB729B}.Debug|Any CPU.Build.0 = Debug|Any CPU
		{CE039EA3-A7A8-4069-B269-C88A17EB729B}.Release|Any CPU.ActiveCfg = Release|Any CPU
		{CE039EA3-A7A8-4069-B269-C88A17EB729B}.Release|Any CPU.Build.0 = Release|Any CPU
		{717DF2DC-F297-4CF7-A614-CA4BF8792678}.Debug|Any CPU.ActiveCfg = Debug|Any CPU
		{717DF2DC-F297-4CF7-A614-CA4BF8792678}.Debug|Any CPU.Build.0 = Debug|Any CPU
		{717DF2DC-F297-4CF7-A614-CA4BF8792678}.Release|Any CPU.ActiveCfg = Release|Any CPU
		{717DF2DC-F297-4CF7-A614-CA4BF8792678}.Release|Any CPU.Build.0 = Release|Any CPU
		{D9756922-65EB-4554-9EC2-C7FD4030C25F}.Debug|Any CPU.ActiveCfg = Debug|Any CPU
		{D9756922-65EB-4554-9EC2-C7FD4030C25F}.Debug|Any CPU.Build.0 = Debug|Any CPU
		{D9756922-65EB-4554-9EC2-C7FD4030C25F}.Release|Any CPU.ActiveCfg = Release|Any CPU
		{D9756922-65EB-4554-9EC2-C7FD4030C25F}.Release|Any CPU.Build.0 = Release|Any CPU
		{42CC7A0E-5629-4923-9DB0-C9E1E73FE2AD}.Debug|Any CPU.ActiveCfg = Debug|Any CPU
		{42CC7A0E-5629-4923-9DB0-C9E1E73FE2AD}.Debug|Any CPU.Build.0 = Debug|Any CPU
		{42CC7A0E-5629-4923-9DB0-C9E1E73FE2AD}.Release|Any CPU.ActiveCfg = Release|Any CPU
		{42CC7A0E-5629-4923-9DB0-C9E1E73FE2AD}.Release|Any CPU.Build.0 = Release|Any CPU
		{2CD8FE6B-CD9E-45FB-9899-D743F9FD353C}.Debug|Any CPU.ActiveCfg = Debug|Any CPU
		{2CD8FE6B-CD9E-45FB-9899-D743F9FD353C}.Debug|Any CPU.Build.0 = Debug|Any CPU
		{2CD8FE6B-CD9E-45FB-9899-D743F9FD353C}.Release|Any CPU.ActiveCfg = Release|Any CPU
		{2CD8FE6B-CD9E-45FB-9899-D743F9FD353C}.Release|Any CPU.Build.0 = Release|Any CPU
	EndGlobalSection
	GlobalSection(NestedProjects) = preSolution
		{E7C65786-6D4A-4209-BE25-67B488F60B8C} = {FEA5ED33-FE6B-4ED8-AC85-850D851E10FA}
		{D2449FE3-5EFF-446A-9959-E730810252D6} = {FEA5ED33-FE6B-4ED8-AC85-850D851E10FA}
		{C54E2CDE-64C5-4F2A-BF08-ED58A20232A2} = {FEA5ED33-FE6B-4ED8-AC85-850D851E10FA}
		{0ECCE5C7-70F5-4312-99F0-21D564C410B1} = {FEA5ED33-FE6B-4ED8-AC85-850D851E10FA}
		{CE039EA3-A7A8-4069-B269-C88A17EB729B} = {0B59F419-8956-41A5-9F35-9FA32B7AE401}
		{717DF2DC-F297-4CF7-A614-CA4BF8792678} = {0B59F419-8956-41A5-9F35-9FA32B7AE401}
		{D9756922-65EB-4554-9EC2-C7FD4030C25F} = {E7C65786-6D4A-4209-BE25-67B488F60B8C}
		{42CC7A0E-5629-4923-9DB0-C9E1E73FE2AD} = {E7C65786-6D4A-4209-BE25-67B488F60B8C}
		{2CD8FE6B-CD9E-45FB-9899-D743F9FD353C} = {E7C65786-6D4A-4209-BE25-67B488F60B8C}
	EndGlobalSection
EndGlobal
